
Microsoft Visual Studio Solution File, Format Version 12.00
# Visual Studio Version 17
VisualStudioVersion = 17.8.34511.84
MinimumVisualStudioVersion = 10.0.40219.1
Project("{9A19103F-16F7-4668-BE54-9A1E7A4F7556}") = "Lekce2", "Lekce2\Lekce2.csproj", "{EA13961B-A814-4F9C-A345-AADA5DD645D5}"
EndProject
Project("{9A19103F-16F7-4668-BE54-9A1E7A4F7556}") = "BOR2.2", "BOR2.2\BOR2.2.csproj", "{EE125315-3091-4122-A05C-FDA3C98B030E}"
EndProject
Project("{9A19103F-16F7-4668-BE54-9A1E7A4F7556}") = "voluntary1", "DU2\voluntary1.csproj", "{01894290-BECC-43EF-B43A-9838A712A7B2}"
EndProject
Project("{9A19103F-16F7-4668-BE54-9A1E7A4F7556}") = "BOR3.1", "BOR3.1\BOR3.1.csproj", "{4DD20E8D-F3B7-4749-85D9-AE06283E345C}"
EndProject
Project("{9A19103F-16F7-4668-BE54-9A1E7A4F7556}") = "BOR4.1", "ConsoleApp1\BOR4.1.csproj", "{D6EAEE8C-3D15-4F32-8F8E-0EA4A693E491}"
EndProject
Project("{9A19103F-16F7-4668-BE54-9A1E7A4F7556}") = "BOR4.2", "BOR4.2\BOR4.2.csproj", "{0FC122EC-505E-4759-BF0F-92E5C95A534A}"
EndProject
Project("{9A19103F-16F7-4668-BE54-9A1E7A4F7556}") = "BOR5.1", "ConsoleApp2\BOR5.1.csproj", "{639E6F09-7E4D-4FBC-861A-8A8539EAC8B1}"
EndProject
Project("{9A19103F-16F7-4668-BE54-9A1E7A4F7556}") = "25.4.HW", "25.4.HW\25.4.HW.csproj", "{7358BE1E-CB9D-47A2-82B8-292574AA07AE}"
EndProject
Project("{9A19103F-16F7-4668-BE54-9A1E7A4F7556}") = "BOR6", "BOR6\BOR6.csproj", "{A7CC8365-D607-47C6-A2E1-5AEEBBCD4E2F}"
EndProject
Project("{9A19103F-16F7-4668-BE54-9A1E7A4F7556}") = "HW2.5", "HW2.5\HW2.5.csproj", "{98F8C8CD-C0F8-445B-9564-78A56815970C}"
EndProject
Project("{9A19103F-16F7-4668-BE54-9A1E7A4F7556}") = "BOR7", "BOR7\BOR7.csproj", "{0806A8A3-0B25-4251-946E-DF0F34916AE7}"
EndProject
Project("{9A19103F-16F7-4668-BE54-9A1E7A4F7556}") = "BOR7.1", "BOR7.1\BOR7.1.csproj", "{3DA02F0B-75D6-49EE-892E-8C8AEAA2AF2D}"
EndProject
Project("{9A19103F-16F7-4668-BE54-9A1E7A4F7556}") = "BOR8", "BOR8\BOR8.csproj", "{C516475C-07E6-4BD6-A024-F6B9F9ECDF7B}"
EndProject
Project("{FAE04EC0-301F-11D3-BF4B-00C04F79EFBC}") = "BooksWrapUp", "BooksWrapUp\BooksWrapUp.csproj", "{4301430F-8F25-4DE9-830F-948929A09D81}"
EndProject
Global
	GlobalSection(SolutionConfigurationPlatforms) = preSolution
		Debug|Any CPU = Debug|Any CPU
		Release|Any CPU = Release|Any CPU
	EndGlobalSection
	GlobalSection(ProjectConfigurationPlatforms) = postSolution
		{EA13961B-A814-4F9C-A345-AADA5DD645D5}.Debug|Any CPU.ActiveCfg = Debug|Any CPU
		{EA13961B-A814-4F9C-A345-AADA5DD645D5}.Debug|Any CPU.Build.0 = Debug|Any CPU
		{EA13961B-A814-4F9C-A345-AADA5DD645D5}.Release|Any CPU.ActiveCfg = Release|Any CPU
		{EA13961B-A814-4F9C-A345-AADA5DD645D5}.Release|Any CPU.Build.0 = Release|Any CPU
		{EE125315-3091-4122-A05C-FDA3C98B030E}.Debug|Any CPU.ActiveCfg = Debug|Any CPU
		{EE125315-3091-4122-A05C-FDA3C98B030E}.Debug|Any CPU.Build.0 = Debug|Any CPU
		{EE125315-3091-4122-A05C-FDA3C98B030E}.Release|Any CPU.ActiveCfg = Release|Any CPU
		{EE125315-3091-4122-A05C-FDA3C98B030E}.Release|Any CPU.Build.0 = Release|Any CPU
		{01894290-BECC-43EF-B43A-9838A712A7B2}.Debug|Any CPU.ActiveCfg = Debug|Any CPU
		{01894290-BECC-43EF-B43A-9838A712A7B2}.Debug|Any CPU.Build.0 = Debug|Any CPU
		{01894290-BECC-43EF-B43A-9838A712A7B2}.Release|Any CPU.ActiveCfg = Release|Any CPU
		{01894290-BECC-43EF-B43A-9838A712A7B2}.Release|Any CPU.Build.0 = Release|Any CPU
		{4DD20E8D-F3B7-4749-85D9-AE06283E345C}.Debug|Any CPU.ActiveCfg = Debug|Any CPU
		{4DD20E8D-F3B7-4749-85D9-AE06283E345C}.Debug|Any CPU.Build.0 = Debug|Any CPU
		{4DD20E8D-F3B7-4749-85D9-AE06283E345C}.Release|Any CPU.ActiveCfg = Release|Any CPU
		{4DD20E8D-F3B7-4749-85D9-AE06283E345C}.Release|Any CPU.Build.0 = Release|Any CPU
		{D6EAEE8C-3D15-4F32-8F8E-0EA4A693E491}.Debug|Any CPU.ActiveCfg = Debug|Any CPU
		{D6EAEE8C-3D15-4F32-8F8E-0EA4A693E491}.Debug|Any CPU.Build.0 = Debug|Any CPU
		{D6EAEE8C-3D15-4F32-8F8E-0EA4A693E491}.Release|Any CPU.ActiveCfg = Release|Any CPU
		{D6EAEE8C-3D15-4F32-8F8E-0EA4A693E491}.Release|Any CPU.Build.0 = Release|Any CPU
		{0FC122EC-505E-4759-BF0F-92E5C95A534A}.Debug|Any CPU.ActiveCfg = Debug|Any CPU
		{0FC122EC-505E-4759-BF0F-92E5C95A534A}.Debug|Any CPU.Build.0 = Debug|Any CPU
		{0FC122EC-505E-4759-BF0F-92E5C95A534A}.Release|Any CPU.ActiveCfg = Release|Any CPU
		{0FC122EC-505E-4759-BF0F-92E5C95A534A}.Release|Any CPU.Build.0 = Release|Any CPU
		{639E6F09-7E4D-4FBC-861A-8A8539EAC8B1}.Debug|Any CPU.ActiveCfg = Debug|Any CPU
		{639E6F09-7E4D-4FBC-861A-8A8539EAC8B1}.Debug|Any CPU.Build.0 = Debug|Any CPU
		{639E6F09-7E4D-4FBC-861A-8A8539EAC8B1}.Release|Any CPU.ActiveCfg = Release|Any CPU
		{639E6F09-7E4D-4FBC-861A-8A8539EAC8B1}.Release|Any CPU.Build.0 = Release|Any CPU
		{7358BE1E-CB9D-47A2-82B8-292574AA07AE}.Debug|Any CPU.ActiveCfg = Debug|Any CPU
		{7358BE1E-CB9D-47A2-82B8-292574AA07AE}.Debug|Any CPU.Build.0 = Debug|Any CPU
		{7358BE1E-CB9D-47A2-82B8-292574AA07AE}.Release|Any CPU.ActiveCfg = Release|Any CPU
		{7358BE1E-CB9D-47A2-82B8-292574AA07AE}.Release|Any CPU.Build.0 = Release|Any CPU
		{A7CC8365-D607-47C6-A2E1-5AEEBBCD4E2F}.Debug|Any CPU.ActiveCfg = Debug|Any CPU
		{A7CC8365-D607-47C6-A2E1-5AEEBBCD4E2F}.Debug|Any CPU.Build.0 = Debug|Any CPU
		{A7CC8365-D607-47C6-A2E1-5AEEBBCD4E2F}.Release|Any CPU.ActiveCfg = Release|Any CPU
		{A7CC8365-D607-47C6-A2E1-5AEEBBCD4E2F}.Release|Any CPU.Build.0 = Release|Any CPU
		{98F8C8CD-C0F8-445B-9564-78A56815970C}.Debug|Any CPU.ActiveCfg = Debug|Any CPU
		{98F8C8CD-C0F8-445B-9564-78A56815970C}.Debug|Any CPU.Build.0 = Debug|Any CPU
		{98F8C8CD-C0F8-445B-9564-78A56815970C}.Release|Any CPU.ActiveCfg = Release|Any CPU
		{98F8C8CD-C0F8-445B-9564-78A56815970C}.Release|Any CPU.Build.0 = Release|Any CPU
		{0806A8A3-0B25-4251-946E-DF0F34916AE7}.Debug|Any CPU.ActiveCfg = Debug|Any CPU
		{0806A8A3-0B25-4251-946E-DF0F34916AE7}.Debug|Any CPU.Build.0 = Debug|Any CPU
		{0806A8A3-0B25-4251-946E-DF0F34916AE7}.Release|Any CPU.ActiveCfg = Release|Any CPU
		{0806A8A3-0B25-4251-946E-DF0F34916AE7}.Release|Any CPU.Build.0 = Release|Any CPU
		{3DA02F0B-75D6-49EE-892E-8C8AEAA2AF2D}.Debug|Any CPU.ActiveCfg = Debug|Any CPU
		{3DA02F0B-75D6-49EE-892E-8C8AEAA2AF2D}.Debug|Any CPU.Build.0 = Debug|Any CPU
		{3DA02F0B-75D6-49EE-892E-8C8AEAA2AF2D}.Release|Any CPU.ActiveCfg = Release|Any CPU
		{3DA02F0B-75D6-49EE-892E-8C8AEAA2AF2D}.Release|Any CPU.Build.0 = Release|Any CPU
		{C516475C-07E6-4BD6-A024-F6B9F9ECDF7B}.Debug|Any CPU.ActiveCfg = Debug|Any CPU
		{C516475C-07E6-4BD6-A024-F6B9F9ECDF7B}.Debug|Any CPU.Build.0 = Debug|Any CPU
		{C516475C-07E6-4BD6-A024-F6B9F9ECDF7B}.Release|Any CPU.ActiveCfg = Release|Any CPU
		{C516475C-07E6-4BD6-A024-F6B9F9ECDF7B}.Release|Any CPU.Build.0 = Release|Any CPU
		{4301430F-8F25-4DE9-830F-948929A09D81}.Debug|Any CPU.ActiveCfg = Debug|Any CPU
		{4301430F-8F25-4DE9-830F-948929A09D81}.Debug|Any CPU.Build.0 = Debug|Any CPU
		{4301430F-8F25-4DE9-830F-948929A09D81}.Release|Any CPU.ActiveCfg = Release|Any CPU
		{4301430F-8F25-4DE9-830F-948929A09D81}.Release|Any CPU.Build.0 = Release|Any CPU
	EndGlobalSection
	GlobalSection(SolutionProperties) = preSolution
		HideSolutionNode = FALSE
	EndGlobalSection
	GlobalSection(ExtensibilityGlobals) = postSolution
		SolutionGuid = {13C75041-B1A2-41B4-A7A7-66EA74074409}
	EndGlobalSection
EndGlobal
